// !$*UTF8*$!
{
	archiveVersion = 1;
	classes = {
	};
	objectVersion = 50;
	objects = {

/* Begin PBXBuildFile section */
		5850A5C323DCA3B500274C26 /* AppDelegate.swift in Sources */ = {isa = PBXBuildFile; fileRef = 5850A5C223DCA3B500274C26 /* AppDelegate.swift */; };
		5850A5C523DCA3B500274C26 /* SceneDelegate.swift in Sources */ = {isa = PBXBuildFile; fileRef = 5850A5C423DCA3B500274C26 /* SceneDelegate.swift */; };
		5850A5C723DCA3B500274C26 /* ContentView.swift in Sources */ = {isa = PBXBuildFile; fileRef = 5850A5C623DCA3B500274C26 /* ContentView.swift */; };
		5850A5C923DCA3B700274C26 /* Assets.xcassets in Resources */ = {isa = PBXBuildFile; fileRef = 5850A5C823DCA3B700274C26 /* Assets.xcassets */; };
		5850A5CC23DCA3B700274C26 /* Preview Assets.xcassets in Resources */ = {isa = PBXBuildFile; fileRef = 5850A5CB23DCA3B700274C26 /* Preview Assets.xcassets */; };
		5850A5CF23DCA3B700274C26 /* LaunchScreen.storyboard in Resources */ = {isa = PBXBuildFile; fileRef = 5850A5CD23DCA3B700274C26 /* LaunchScreen.storyboard */; };
		5850A5D723DCA61A00274C26 /* Card.swift in Sources */ = {isa = PBXBuildFile; fileRef = 5850A5D623DCA61A00274C26 /* Card.swift */; };
/* End PBXBuildFile section */

/* Begin PBXFileReference section */
		5850A5BF23DCA3B500274C26 /* Gesturator.app */ = {isa = PBXFileReference; explicitFileType = wrapper.application; includeInIndex = 0; path = Gesturator.app; sourceTree = BUILT_PRODUCTS_DIR; };
		5850A5C223DCA3B500274C26 /* AppDelegate.swift */ = {isa = PBXFileReference; lastKnownFileType = sourcecode.swift; path = AppDelegate.swift; sourceTree = "<group>"; };
		5850A5C423DCA3B500274C26 /* SceneDelegate.swift */ = {isa = PBXFileReference; lastKnownFileType = sourcecode.swift; path = SceneDelegate.swift; sourceTree = "<group>"; };
		5850A5C623DCA3B500274C26 /* ContentView.swift */ = {isa = PBXFileReference; lastKnownFileType = sourcecode.swift; path = ContentView.swift; sourceTree = "<group>"; };
		5850A5C823DCA3B700274C26 /* Assets.xcassets */ = {isa = PBXFileReference; lastKnownFileType = folder.assetcatalog; path = Assets.xcassets; sourceTree = "<group>"; };
		5850A5CB23DCA3B700274C26 /* Preview Assets.xcassets */ = {isa = PBXFileReference; lastKnownFileType = folder.assetcatalog; path = "Preview Assets.xcassets"; sourceTree = "<group>"; };
		5850A5CE23DCA3B700274C26 /* Base */ = {isa = PBXFileReference; lastKnownFileType = file.storyboard; name = Base; path = Base.lproj/LaunchScreen.storyboard; sourceTree = "<group>"; };
		5850A5D023DCA3B700274C26 /* Info.plist */ = {isa = PBXFileReference; lastKnownFileType = text.plist.xml; path = Info.plist; sourceTree = "<group>"; };
		5850A5D623DCA61A00274C26 /* Card.swift */ = {isa = PBXFileReference; lastKnownFileType = sourcecode.swift; path = Card.swift; sourceTree = "<group>"; };
/* End PBXFileReference section */

/* Begin PBXFrameworksBuildPhase section */
		5850A5BC23DCA3B500274C26 /* Frameworks */ = {
			isa = PBXFrameworksBuildPhase;
			buildActionMask = 2147483647;
			files = (
			);
			runOnlyForDeploymentPostprocessing = 0;
		};
/* End PBXFrameworksBuildPhase section */

/* Begin PBXGroup section */
		5850A5B623DCA3B500274C26 = {
			isa = PBXGroup;
			children = (
				5850A5C123DCA3B500274C26 /* Gesturator */,
				5850A5C023DCA3B500274C26 /* Products */,
			);
			sourceTree = "<group>";
		};
		5850A5C023DCA3B500274C26 /* Products */ = {
			isa = PBXGroup;
			children = (
				5850A5BF23DCA3B500274C26 /* Gesturator.app */,
			);
			name = Products;
			sourceTree = "<group>";
		};
		5850A5C123DCA3B500274C26 /* Gesturator */ = {
			isa = PBXGroup;
			children = (
				5850A5C223DCA3B500274C26 /* AppDelegate.swift */,
				5850A5C423DCA3B500274C26 /* SceneDelegate.swift */,
				5850A5C623DCA3B500274C26 /* ContentView.swift */,
				5850A5C823DCA3B700274C26 /* Assets.xcassets */,
				5850A5CD23DCA3B700274C26 /* LaunchScreen.storyboard */,
				5850A5D023DCA3B700274C26 /* Info.plist */,
				5850A5CA23DCA3B700274C26 /* Preview Content */,
				5850A5D623DCA61A00274C26 /* Card.swift */,
			);
			path = Gesturator;
			sourceTree = "<group>";
		};
		5850A5CA23DCA3B700274C26 /* Preview Content */ = {
			isa = PBXGroup;
			children = (
				5850A5CB23DCA3B700274C26 /* Preview Assets.xcassets */,
			);
			path = "Preview Content";
			sourceTree = "<group>";
		};
/* End PBXGroup section */

/* Begin PBXNativeTarget section */
		5850A5BE23DCA3B500274C26 /* Gesturator */ = {
			isa = PBXNativeTarget;
			buildConfigurationList = 5850A5D323DCA3B700274C26 /* Build configuration list for PBXNativeTarget "Gesturator" */;
			buildPhases = (
				5850A5BB23DCA3B500274C26 /* Sources */,
				5850A5BC23DCA3B500274C26 /* Frameworks */,
				5850A5BD23DCA3B500274C26 /* Resources */,
			);
			buildRules = (
			);
			dependencies = (
			);
			name = Gesturator;
			productName = Gesturator;
			productReference = 5850A5BF23DCA3B500274C26 /* Gesturator.app */;
			productType = "com.apple.product-type.application";
		};
/* End PBXNativeTarget section */

/* Begin PBXProject section */
		5850A5B723DCA3B500274C26 /* Project object */ = {
			isa = PBXProject;
			attributes = {
				LastSwiftUpdateCheck = 1130;
				LastUpgradeCheck = 1130;
				ORGANIZATIONNAME = "Alexander Smith";
				TargetAttributes = {
					5850A5BE23DCA3B500274C26 = {
						CreatedOnToolsVersion = 11.3.1;
					};
				};
			};
			buildConfigurationList = 5850A5BA23DCA3B500274C26 /* Build configuration list for PBXProject "Gesturator" */;
			compatibilityVersion = "Xcode 9.3";
			developmentRegion = en;
			hasScannedForEncodings = 0;
			knownRegions = (
				en,
				Base,
			);
			mainGroup = 5850A5B623DCA3B500274C26;
			productRefGroup = 5850A5C023DCA3B500274C26 /* Products */;
			projectDirPath = "";
			projectRoot = "";
			targets = (
				5850A5BE23DCA3B500274C26 /* Gesturator */,
			);
		};
/* End PBXProject section */

/* Begin PBXResourcesBuildPhase section */
		5850A5BD23DCA3B500274C26 /* Resources */ = {
			isa = PBXResourcesBuildPhase;
			buildActionMask = 2147483647;
			files = (
				5850A5CF23DCA3B700274C26 /* LaunchScreen.storyboard in Resources */,
				5850A5CC23DCA3B700274C26 /* Preview Assets.xcassets in Resources */,
				5850A5C923DCA3B700274C26 /* Assets.xcassets in Resources */,
			);
			runOnlyForDeploymentPostprocessing = 0;
		};
/* End PBXResourcesBuildPhase section */

/* Begin PBXSourcesBuildPhase section */
		5850A5BB23DCA3B500274C26 /* Sources */ = {
			isa = PBXSourcesBuildPhase;
			buildActionMask = 2147483647;
			files = (
				5850A5C323DCA3B500274C26 /* AppDelegate.swift in Sources */,
				5850A5C523DCA3B500274C26 /* SceneDelegate.swift in Sources */,
				5850A5C723DCA3B500274C26 /* ContentView.swift in Sources */,
				5850A5D723DCA61A00274C26 /* Card.swift in Sources */,
			);
			runOnlyForDeploymentPostprocessing = 0;
		};
/* End PBXSourcesBuildPhase section */

/* Begin PBXVariantGroup section */
		5850A5CD23DCA3B700274C26 /* LaunchScreen.storyboard */ = {
			isa = PBXVariantGroup;
			children = (
				5850A5CE23DCA3B700274C26 /* Base */,
			);
			name = LaunchScreen.storyboard;
			sourceTree = "<group>";
		};
/* End PBXVariantGroup section */

/* Begin XCBuildConfiguration section */
		5850A5D123DCA3B700274C26 /* Debug */ = {
			isa = XCBuildConfiguration;
			buildSettings = {
				ALWAYS_SEARCH_USER_PATHS = NO;
				CLANG_ANALYZER_NONNULL = YES;
				CLANG_ANALYZER_NUMBER_OBJECT_CONVERSION = YES_AGGRESSIVE;
				CLANG_CXX_LANGUAGE_STANDARD = "gnu++14";
				CLANG_CXX_LIBRARY = "libc++";
				CLANG_ENABLE_MODULES = YES;
				CLANG_ENABLE_OBJC_ARC = YES;
				CLANG_ENABLE_OBJC_WEAK = YES;
				CLANG_WARN_BLOCK_CAPTURE_AUTORELEASING = YES;
				CLANG_WARN_BOOL_CONVERSION = YES;
				CLANG_WARN_COMMA = YES;
				CLANG_WARN_CONSTANT_CONVERSION = YES;
				CLANG_WARN_DEPRECATED_OBJC_IMPLEMENTATIONS = YES;
				CLANG_WARN_DIRECT_OBJC_ISA_USAGE = YES_ERROR;
				CLANG_WARN_DOCUMENTATION_COMMENTS = YES;
				CLANG_WARN_EMPTY_BODY = YES;
				CLANG_WARN_ENUM_CONVERSION = YES;
				CLANG_WARN_INFINITE_RECURSION = YES;
				CLANG_WARN_INT_CONVERSION = YES;
				CLANG_WARN_NON_LITERAL_NULL_CONVERSION = YES;
				CLANG_WARN_OBJC_IMPLICIT_RETAIN_SELF = YES;
				CLANG_WARN_OBJC_LITERAL_CONVERSION = YES;
				CLANG_WARN_OBJC_ROOT_CLASS = YES_ERROR;
				CLANG_WARN_RANGE_LOOP_ANALYSIS = YES;
				CLANG_WARN_STRICT_PROTOTYPES = YES;
				CLANG_WARN_SUSPICIOUS_MOVE = YES;
				CLANG_WARN_UNGUARDED_AVAILABILITY = YES_AGGRESSIVE;
				CLANG_WARN_UNREACHABLE_CODE = YES;
				CLANG_WARN__DUPLICATE_METHOD_MATCH = YES;
				COPY_PHASE_STRIP = NO;
				DEBUG_INFORMATION_FORMAT = dwarf;
				ENABLE_STRICT_OBJC_MSGSEND = YES;
				ENABLE_TESTABILITY = YES;
				GCC_C_LANGUAGE_STANDARD = gnu11;
				GCC_DYNAMIC_NO_PIC = NO;
				GCC_NO_COMMON_BLOCKS = YES;
				GCC_OPTIMIZATION_LEVEL = 0;
				GCC_PREPROCESSOR_DEFINITIONS = (
					"DEBUG=1",
					"$(inherited)",
				);
				GCC_WARN_64_TO_32_BIT_CONVERSION = YES;
				GCC_WARN_ABOUT_RETURN_TYPE = YES_ERROR;
				GCC_WARN_UNDECLARED_SELECTOR = YES;
				GCC_WARN_UNINITIALIZED_AUTOS = YES_AGGRESSIVE;
				GCC_WARN_UNUSED_FUNCTION = YES;
				GCC_WARN_UNUSED_VARIABLE = YES;
				IPHONEOS_DEPLOYMENT_TARGET = 13.2;
				MTL_ENABLE_DEBUG_INFO = INCLUDE_SOURCE;
				MTL_FAST_MATH = YES;
				ONLY_ACTIVE_ARCH = YES;
				SDKROOT = iphoneos;
				SWIFT_ACTIVE_COMPILATION_CONDITIONS = DEBUG;
				SWIFT_OPTIMIZATION_LEVEL = "-Onone";
			};
			name = Debug;
		};
		5850A5D223DCA3B700274C26 /* Release */ = {
			isa = XCBuildConfiguration;
			buildSettings = {
				ALWAYS_SEARCH_USER_PATHS = NO;
				CLANG_ANALYZER_NONNULL = YES;
				CLANG_ANALYZER_NUMBER_OBJECT_CONVERSION = YES_AGGRESSIVE;
				CLANG_CXX_LANGUAGE_STANDARD = "gnu++14";
				CLANG_CXX_LIBRARY = "libc++";
				CLANG_ENABLE_MODULES = YES;
				CLANG_ENABLE_OBJC_ARC = YES;
				CLANG_ENABLE_OBJC_WEAK = YES;
				CLANG_WARN_BLOCK_CAPTURE_AUTORELEASING = YES;
				CLANG_WARN_BOOL_CONVERSION = YES;
				CLANG_WARN_COMMA = YES;
				CLANG_WARN_CONSTANT_CONVERSION = YES;
				CLANG_WARN_DEPRECATED_OBJC_IMPLEMENTATIONS = YES;
				CLANG_WARN_DIRECT_OBJC_ISA_USAGE = YES_ERROR;
				CLANG_WARN_DOCUMENTATION_COMMENTS = YES;
				CLANG_WARN_EMPTY_BODY = YES;
				CLANG_WARN_ENUM_CONVERSION = YES;
				CLANG_WARN_INFINITE_RECURSION = YES;
				CLANG_WARN_INT_CONVERSION = YES;
				CLANG_WARN_NON_LITERAL_NULL_CONVERSION = YES;
				CLANG_WARN_OBJC_IMPLICIT_RETAIN_SELF = YES;
				CLANG_WARN_OBJC_LITERAL_CONVERSION = YES;
				CLANG_WARN_OBJC_ROOT_CLASS = YES_ERROR;
				CLANG_WARN_RANGE_LOOP_ANALYSIS = YES;
				CLANG_WARN_STRICT_PROTOTYPES = YES;
				CLANG_WARN_SUSPICIOUS_MOVE = YES;
				CLANG_WARN_UNGUARDED_AVAILABILITY = YES_AGGRESSIVE;
				CLANG_WARN_UNREACHABLE_CODE = YES;
				CLANG_WARN__DUPLICATE_METHOD_MATCH = YES;
				COPY_PHASE_STRIP = NO;
				DEBUG_INFORMATION_FORMAT = "dwarf-with-dsym";
				ENABLE_NS_ASSERTIONS = NO;
				ENABLE_STRICT_OBJC_MSGSEND = YES;
				GCC_C_LANGUAGE_STANDARD = gnu11;
				GCC_NO_COMMON_BLOCKS = YES;
				GCC_WARN_64_TO_32_BIT_CONVERSION = YES;
				GCC_WARN_ABOUT_RETURN_TYPE = YES_ERROR;
				GCC_WARN_UNDECLARED_SELECTOR = YES;
				GCC_WARN_UNINITIALIZED_AUTOS = YES_AGGRESSIVE;
				GCC_WARN_UNUSED_FUNCTION = YES;
				GCC_WARN_UNUSED_VARIABLE = YES;
				IPHONEOS_DEPLOYMENT_TARGET = 13.2;
				MTL_ENABLE_DEBUG_INFO = NO;
				MTL_FAST_MATH = YES;
				SDKROOT = iphoneos;
				SWIFT_COMPILATION_MODE = wholemodule;
				SWIFT_OPTIMIZATION_LEVEL = "-O";
				VALIDATE_PRODUCT = YES;
			};
			name = Release;
		};
		5850A5D423DCA3B700274C26 /* Debug */ = {
			isa = XCBuildConfiguration;
			buildSettings = {
				ASSETCATALOG_COMPILER_APPICON_NAME = AppIcon;
				CODE_SIGN_STYLE = Automatic;
				DEVELOPMENT_ASSET_PATHS = "\"Gesturator/Preview Content\"";
				DEVELOPMENT_TEAM = 9SJWLK8ZVY;
				ENABLE_PREVIEWS = YES;
				INFOPLIST_FILE = Gesturator/Info.plist;
				LD_RUNPATH_SEARCH_PATHS = (
					"$(inherited)",
					"@executable_path/Frameworks",
				);
				PRODUCT_BUNDLE_IDENTIFIER = com.alexandercsmith.Gesturator;
				PRODUCT_NAME = "$(TARGET_NAME)";
				SWIFT_VERSION = 5.0;
				TARGETED_DEVICE_FAMILY = "1,2";
			};
			name = Debug;
		};
		5850A5D523DCA3B700274C26 /* Release */ = {
			isa = XCBuildConfiguration;
			buildSettings = {
				ASSETCATALOG_COMPILER_APPICON_NAME = AppIcon;
				CODE_SIGN_STYLE = Automatic;
				DEVELOPMENT_ASSET_PATHS = "\"Gesturator/Preview Content\"";
				DEVELOPMENT_TEAM = 9SJWLK8ZVY;
				ENABLE_PREVIEWS = YES;
				INFOPLIST_FILE = Gesturator/Info.plist;
				LD_RUNPATH_SEARCH_PATHS = (
					"$(inherited)",
					"@executable_path/Frameworks",
				);
				PRODUCT_BUNDLE_IDENTIFIER = com.alexandercsmith.Gesturator;
				PRODUCT_NAME = "$(TARGET_NAME)";
				SWIFT_VERSION = 5.0;
				TARGETED_DEVICE_FAMILY = "1,2";
			};
			name = Release;
		};
/* End XCBuildConfiguration section */

/* Begin XCConfigurationList section */
		5850A5BA23DCA3B500274C26 /* Build configuration list for PBXProject "Gesturator" */ = {
			isa = XCConfigurationList;
			buildConfigurations = (
				5850A5D123DCA3B700274C26 /* Debug */,
				5850A5D223DCA3B700274C26 /* Release */,
			);
			defaultConfigurationIsVisible = 0;
			defaultConfigurationName = Release;
		};
		5850A5D323DCA3B700274C26 /* Build configuration list for PBXNativeTarget "Gesturator" */ = {
			isa = XCConfigurationList;
			buildConfigurations = (
				5850A5D423DCA3B700274C26 /* Debug */,
				5850A5D523DCA3B700274C26 /* Release */,
			);
			defaultConfigurationIsVisible = 0;
			defaultConfigurationName = Release;
		};
/* End XCConfigurationList section */
	};
	rootObject = 5850A5B723DCA3B500274C26 /* Project object */;
}
